
Microsoft Visual Studio Solution File, Format Version 12.00
# Visual Studio 14
VisualStudioVersion = 14.0.25420.1
MinimumVisualStudioVersion = 10.0.40219.1
Project("{FAE04EC0-301F-11D3-BF4B-00C04F79EFBC}") = "LINQ-First", "LINQ-First\LINQ-First.csproj", "{1C342B07-207F-40CC-AB9C-58182699EEE1}"
EndProject
Global
	GlobalSection(SolutionConfigurationPlatforms) = preSolution
		Debug|Any CPU = Debug|Any CPU
		Release|Any CPU = Release|Any CPU
	EndGlobalSection
	GlobalSection(ProjectConfigurationPlatforms) = postSolution
		{1C342B07-207F-40CC-AB9C-58182699EEE1}.Debug|Any CPU.ActiveCfg = Debug|Any CPU
		{1C342B07-207F-40CC-AB9C-58182699EEE1}.Debug|Any CPU.Build.0 = Debug|Any CPU
		{1C342B07-207F-40CC-AB9C-58182699EEE1}.Release|Any CPU.ActiveCfg = Release|Any CPU
		{1C342B07-207F-40CC-AB9C-58182699EEE1}.Release|Any CPU.Build.0 = Release|Any CPU
	EndGlobalSection
	GlobalSection(SolutionProperties) = preSolution
		HideSolutionNode = FALSE
	EndGlobalSection
EndGlobal
